
Microsoft Visual Studio Solution File, Format Version 12.00
# Visual Studio Version 16
VisualStudioVersion = 16.0.29728.190
MinimumVisualStudioVersion = 10.0.40219.1
Project("{FAE04EC0-301F-11D3-BF4B-00C04F79EFBC}") = "ProjetGamer", "ProjetGamer.csproj", "{3C12A182-1A6A-4443-99B3-3C5E3FB04503}"
EndProject
Project("{FAE04EC0-301F-11D3-BF4B-00C04F79EFBC}") = "ProjetGamer.Tests", "..\ProjetGamer.Tests\ProjetGamer.Tests.csproj", "{CDCF3809-5D93-4300-841E-7AE6104FFEC5}"
EndProject
Global
	GlobalSection(SolutionConfigurationPlatforms) = preSolution
		Debug|Any CPU = Debug|Any CPU
		Release|Any CPU = Release|Any CPU
	EndGlobalSection
	GlobalSection(ProjectConfigurationPlatforms) = postSolution
		{3C12A182-1A6A-4443-99B3-3C5E3FB04503}.Debug|Any CPU.ActiveCfg = Debug|Any CPU
		{3C12A182-1A6A-4443-99B3-3C5E3FB04503}.Debug|Any CPU.Build.0 = Debug|Any CPU
		{3C12A182-1A6A-4443-99B3-3C5E3FB04503}.Release|Any CPU.ActiveCfg = Release|Any CPU
		{3C12A182-1A6A-4443-99B3-3C5E3FB04503}.Release|Any CPU.Build.0 = Release|Any CPU
		{CDCF3809-5D93-4300-841E-7AE6104FFEC5}.Debug|Any CPU.ActiveCfg = Debug|Any CPU
		{CDCF3809-5D93-4300-841E-7AE6104FFEC5}.Debug|Any CPU.Build.0 = Debug|Any CPU
		{CDCF3809-5D93-4300-841E-7AE6104FFEC5}.Release|Any CPU.ActiveCfg = Release|Any CPU
		{CDCF3809-5D93-4300-841E-7AE6104FFEC5}.Release|Any CPU.Build.0 = Release|Any CPU
	EndGlobalSection
	GlobalSection(SolutionProperties) = preSolution
		HideSolutionNode = FALSE
	EndGlobalSection
	GlobalSection(ExtensibilityGlobals) = postSolution
		SolutionGuid = {558E80AB-903B-428F-856B-A44C3362EDCD}
	EndGlobalSection
EndGlobal
